// !$*UTF8*$!
{
	archiveVersion = 1;
	classes = {
	};
	objectVersion = 46;
	objects = {

/* Begin PBXBuildFile section */
		49C0E9E61ECCDAF700FADF69 /* imageFilters.m in Sources */ = {isa = PBXBuildFile; fileRef = 49C0E9E51ECCDAF700FADF69 /* imageFilters.m */; };
		49C0E9E71ECCDAF700FADF69 /* imageFilters.h in CopyFiles */ = {isa = PBXBuildFile; fileRef = 49C0E9E41ECCDAF700FADF69 /* imageFilters.h */; };
/* End PBXBuildFile section */

/* Begin PBXCopyFilesBuildPhase section */
		49C0E9DF1ECCDAF700FADF69 /* CopyFiles */ = {
			isa = PBXCopyFilesBuildPhase;
			buildActionMask = 2147483647;
			dstPath = "include/$(PRODUCT_NAME)";
			dstSubfolderSpec = 16;
			files = (
				49C0E9E71ECCDAF700FADF69 /* imageFilters.h in CopyFiles */,
			);
			runOnlyForDeploymentPostprocessing = 0;
		};
/* End PBXCopyFilesBuildPhase section */

/* Begin PBXFileReference section */
		49C0E9E11ECCDAF700FADF69 /* libimageFilters.a */ = {isa = PBXFileReference; explicitFileType = archive.ar; includeInIndex = 0; path = libimageFilters.a; sourceTree = BUILT_PRODUCTS_DIR; };
		49C0E9E41ECCDAF700FADF69 /* imageFilters.h */ = {isa = PBXFileReference; lastKnownFileType = sourcecode.c.h; path = imageFilters.h; sourceTree = "<group>"; };
		49C0E9E51ECCDAF700FADF69 /* imageFilters.m */ = {isa = PBXFileReference; lastKnownFileType = sourcecode.c.objc; path = imageFilters.m; sourceTree = "<group>"; };
/* End PBXFileReference section */

/* Begin PBXFrameworksBuildPhase section */
		49C0E9DE1ECCDAF700FADF69 /* Frameworks */ = {
			isa = PBXFrameworksBuildPhase;
			buildActionMask = 2147483647;
			files = (
			);
			runOnlyForDeploymentPostprocessing = 0;
		};
/* End PBXFrameworksBuildPhase section */

/* Begin PBXGroup section */
		49C0E9D81ECCDAF700FADF69 = {
			isa = PBXGroup;
			children = (
				49C0E9E31ECCDAF700FADF69 /* imageFilters */,
				49C0E9E21ECCDAF700FADF69 /* Products */,
			);
			sourceTree = "<group>";
		};
		49C0E9E21ECCDAF700FADF69 /* Products */ = {
			isa = PBXGroup;
			children = (
				49C0E9E11ECCDAF700FADF69 /* libimageFilters.a */,
			);
			name = Products;
			sourceTree = "<group>";
		};
		49C0E9E31ECCDAF700FADF69 /* imageFilters */ = {
			isa = PBXGroup;
			children = (
				49C0E9E41ECCDAF700FADF69 /* imageFilters.h */,
				49C0E9E51ECCDAF700FADF69 /* imageFilters.m */,
			);
			path = imageFilters;
			sourceTree = "<group>";
		};
/* End PBXGroup section */

/* Begin PBXNativeTarget section */
		49C0E9E01ECCDAF700FADF69 /* imageFilters */ = {
			isa = PBXNativeTarget;
			buildConfigurationList = 49C0E9EA1ECCDAF700FADF69 /* Build configuration list for PBXNativeTarget "imageFilters" */;
			buildPhases = (
				49C0E9DD1ECCDAF700FADF69 /* Sources */,
				49C0E9DE1ECCDAF700FADF69 /* Frameworks */,
				49C0E9DF1ECCDAF700FADF69 /* CopyFiles */,
			);
			buildRules = (
			);
			dependencies = (
			);
			name = imageFilters;
			productName = imageFilters;
			productReference = 49C0E9E11ECCDAF700FADF69 /* libimageFilters.a */;
			productType = "com.apple.product-type.library.static";
		};
/* End PBXNativeTarget section */

/* Begin PBXProject section */
		49C0E9D91ECCDAF700FADF69 /* Project object */ = {
			isa = PBXProject;
			attributes = {
				LastUpgradeCheck = 0830;
				ORGANIZATIONNAME = "Sergio Rodriguez";
				TargetAttributes = {
					49C0E9E01ECCDAF700FADF69 = {
						CreatedOnToolsVersion = 8.3.2;
						DevelopmentTeam = 769NAE85RJ;
						ProvisioningStyle = Automatic;
					};
				};
			};
			buildConfigurationList = 49C0E9DC1ECCDAF700FADF69 /* Build configuration list for PBXProject "imageFilters" */;
			compatibilityVersion = "Xcode 3.2";
			developmentRegion = English;
			hasScannedForEncodings = 0;
			knownRegions = (
				en,
			);
			mainGroup = 49C0E9D81ECCDAF700FADF69;
			productRefGroup = 49C0E9E21ECCDAF700FADF69 /* Products */;
			projectDirPath = "";
			projectRoot = "";
			targets = (
				49C0E9E01ECCDAF700FADF69 /* imageFilters */,
			);
		};
/* End PBXProject section */

/* Begin PBXSourcesBuildPhase section */
		49C0E9DD1ECCDAF700FADF69 /* Sources */ = {
			isa = PBXSourcesBuildPhase;
			buildActionMask = 2147483647;
			files = (
				49C0E9E61ECCDAF700FADF69 /* imageFilters.m in Sources */,
			);
			runOnlyForDeploymentPostprocessing = 0;
		};
/* End PBXSourcesBuildPhase section */

/* Begin XCBuildConfiguration section */
		49C0E9E81ECCDAF700FADF69 /* Debug */ = {
			isa = XCBuildConfiguration;
			buildSettings = {
				ALWAYS_SEARCH_USER_PATHS = NO;
				CLANG_ANALYZER_NONNULL = YES;
				CLANG_ANALYZER_NUMBER_OBJECT_CONVERSION = YES_AGGRESSIVE;
				CLANG_CXX_LANGUAGE_STANDARD = "gnu++0x";
				CLANG_CXX_LIBRARY = "libc++";
				CLANG_ENABLE_MODULES = YES;
				CLANG_ENABLE_OBJC_ARC = YES;
				CLANG_WARN_BOOL_CONVERSION = YES;
				CLANG_WARN_CONSTANT_CONVERSION = YES;
				CLANG_WARN_DIRECT_OBJC_ISA_USAGE = YES_ERROR;
				CLANG_WARN_DOCUMENTATION_COMMENTS = YES;
				CLANG_WARN_EMPTY_BODY = YES;
				CLANG_WARN_ENUM_CONVERSION = YES;
				CLANG_WARN_INFINITE_RECURSION = YES;
				CLANG_WARN_INT_CONVERSION = YES;
				CLANG_WARN_OBJC_ROOT_CLASS = YES_ERROR;
				CLANG_WARN_SUSPICIOUS_MOVE = YES;
				CLANG_WARN_UNREACHABLE_CODE = YES;
				CLANG_WARN__DUPLICATE_METHOD_MATCH = YES;
				"CODE_SIGN_IDENTITY[sdk=iphoneos*]" = "iPhone Developer";
				COPY_PHASE_STRIP = NO;
				DEBUG_INFORMATION_FORMAT = dwarf;
				ENABLE_STRICT_OBJC_MSGSEND = YES;
				ENABLE_TESTABILITY = YES;
				GCC_C_LANGUAGE_STANDARD = gnu99;
				GCC_DYNAMIC_NO_PIC = NO;
				GCC_NO_COMMON_BLOCKS = YES;
				GCC_OPTIMIZATION_LEVEL = 0;
				GCC_PREPROCESSOR_DEFINITIONS = (
					"DEBUG=1",
					"$(inherited)",
				);
				GCC_WARN_64_TO_32_BIT_CONVERSION = YES;
				GCC_WARN_ABOUT_RETURN_TYPE = YES_ERROR;
				GCC_WARN_UNDECLARED_SELECTOR = YES;
				GCC_WARN_UNINITIALIZED_AUTOS = YES_AGGRESSIVE;
				GCC_WARN_UNUSED_FUNCTION = YES;
				GCC_WARN_UNUSED_VARIABLE = YES;
				IPHONEOS_DEPLOYMENT_TARGET = 10.3;
				MTL_ENABLE_DEBUG_INFO = YES;
				ONLY_ACTIVE_ARCH = YES;
				SDKROOT = iphoneos;
			};
			name = Debug;
		};
		49C0E9E91ECCDAF700FADF69 /* Release */ = {
			isa = XCBuildConfiguration;
			buildSettings = {
				ALWAYS_SEARCH_USER_PATHS = NO;
				CLANG_ANALYZER_NONNULL = YES;
				CLANG_ANALYZER_NUMBER_OBJECT_CONVERSION = YES_AGGRESSIVE;
				CLANG_CXX_LANGUAGE_STANDARD = "gnu++0x";
				CLANG_CXX_LIBRARY = "libc++";
				CLANG_ENABLE_MODULES = YES;
				CLANG_ENABLE_OBJC_ARC = YES;
				CLANG_WARN_BOOL_CONVERSION = YES;
				CLANG_WARN_CONSTANT_CONVERSION = YES;
				CLANG_WARN_DIRECT_OBJC_ISA_USAGE = YES_ERROR;
				CLANG_WARN_DOCUMENTATION_COMMENTS = YES;
				CLANG_WARN_EMPTY_BODY = YES;
				CLANG_WARN_ENUM_CONVERSION = YES;
				CLANG_WARN_INFINITE_RECURSION = YES;
				CLANG_WARN_INT_CONVERSION = YES;
				CLANG_WARN_OBJC_ROOT_CLASS = YES_ERROR;
				CLANG_WARN_SUSPICIOUS_MOVE = YES;
				CLANG_WARN_UNREACHABLE_CODE = YES;
				CLANG_WARN__DUPLICATE_METHOD_MATCH = YES;
				"CODE_SIGN_IDENTITY[sdk=iphoneos*]" = "iPhone Developer";
				COPY_PHASE_STRIP = NO;
				DEBUG_INFORMATION_FORMAT = "dwarf-with-dsym";
				ENABLE_NS_ASSERTIONS = NO;
				ENABLE_STRICT_OBJC_MSGSEND = YES;
				GCC_C_LANGUAGE_STANDARD = gnu99;
				GCC_NO_COMMON_BLOCKS = YES;
				GCC_WARN_64_TO_32_BIT_CONVERSION = YES;
				GCC_WARN_ABOUT_RETURN_TYPE = YES_ERROR;
				GCC_WARN_UNDECLARED_SELECTOR = YES;
				GCC_WARN_UNINITIALIZED_AUTOS = YES_AGGRESSIVE;
				GCC_WARN_UNUSED_FUNCTION = YES;
				GCC_WARN_UNUSED_VARIABLE = YES;
				IPHONEOS_DEPLOYMENT_TARGET = 10.3;
				MTL_ENABLE_DEBUG_INFO = NO;
				SDKROOT = iphoneos;
				VALIDATE_PRODUCT = YES;
			};
			name = Release;
		};
		49C0E9EB1ECCDAF700FADF69 /* Debug */ = {
			isa = XCBuildConfiguration;
			buildSettings = {
				DEVELOPMENT_TEAM = 769NAE85RJ;
				OTHER_LDFLAGS = "-ObjC";
				PRODUCT_NAME = "$(TARGET_NAME)";
				SKIP_INSTALL = YES;
			};
			name = Debug;
		};
		49C0E9EC1ECCDAF700FADF69 /* Release */ = {
			isa = XCBuildConfiguration;
			buildSettings = {
				DEVELOPMENT_TEAM = 769NAE85RJ;
				OTHER_LDFLAGS = "-ObjC";
				PRODUCT_NAME = "$(TARGET_NAME)";
				SKIP_INSTALL = YES;
			};
			name = Release;
		};
/* End XCBuildConfiguration section */

/* Begin XCConfigurationList section */
		49C0E9DC1ECCDAF700FADF69 /* Build configuration list for PBXProject "imageFilters" */ = {
			isa = XCConfigurationList;
			buildConfigurations = (
				49C0E9E81ECCDAF700FADF69 /* Debug */,
				49C0E9E91ECCDAF700FADF69 /* Release */,
			);
			defaultConfigurationIsVisible = 0;
			defaultConfigurationName = Release;
		};
		49C0E9EA1ECCDAF700FADF69 /* Build configuration list for PBXNativeTarget "imageFilters" */ = {
			isa = XCConfigurationList;
			buildConfigurations = (
				49C0E9EB1ECCDAF700FADF69 /* Debug */,
				49C0E9EC1ECCDAF700FADF69 /* Release */,
			);
			defaultConfigurationIsVisible = 0;
		};
/* End XCConfigurationList section */
	};
	rootObject = 49C0E9D91ECCDAF700FADF69 /* Project object */;
}
